
Microsoft Visual Studio Solution File, Format Version 12.00
# Visual Studio Version 16
VisualStudioVersion = 16.6.30114.105
MinimumVisualStudioVersion = 10.0.40219.1
Project("{2150E333-8FDC-42A3-9474-1A3956D46DE8}") = "src", "src", "{5F56075A-FF46-42A2-9C2E-5F5994E353CE}"
EndProject
Project("{FAE04EC0-301F-11D3-BF4B-00C04F79EFBC}") = "ExemploDI", "src\ExemploDI\ExemploDI.csproj", "{FEC6719A-1BB6-43F9-8253-D8B864144A77}"
EndProject
Global
	GlobalSection(SolutionConfigurationPlatforms) = preSolution
		Debug|Any CPU = Debug|Any CPU
		Debug|x64 = Debug|x64
		Debug|x86 = Debug|x86
		Release|Any CPU = Release|Any CPU
		Release|x64 = Release|x64
		Release|x86 = Release|x86
	EndGlobalSection
	GlobalSection(SolutionProperties) = preSolution
		HideSolutionNode = FALSE
	EndGlobalSection
	GlobalSection(ProjectConfigurationPlatforms) = postSolution
		{FEC6719A-1BB6-43F9-8253-D8B864144A77}.Debug|Any CPU.ActiveCfg = Debug|Any CPU
		{FEC6719A-1BB6-43F9-8253-D8B864144A77}.Debug|Any CPU.Build.0 = Debug|Any CPU
		{FEC6719A-1BB6-43F9-8253-D8B864144A77}.Debug|x64.ActiveCfg = Debug|Any CPU
		{FEC6719A-1BB6-43F9-8253-D8B864144A77}.Debug|x64.Build.0 = Debug|Any CPU
		{FEC6719A-1BB6-43F9-8253-D8B864144A77}.Debug|x86.ActiveCfg = Debug|Any CPU
		{FEC6719A-1BB6-43F9-8253-D8B864144A77}.Debug|x86.Build.0 = Debug|Any CPU
		{FEC6719A-1BB6-43F9-8253-D8B864144A77}.Release|Any CPU.ActiveCfg = Release|Any CPU
		{FEC6719A-1BB6-43F9-8253-D8B864144A77}.Release|Any CPU.Build.0 = Release|Any CPU
		{FEC6719A-1BB6-43F9-8253-D8B864144A77}.Release|x64.ActiveCfg = Release|Any CPU
		{FEC6719A-1BB6-43F9-8253-D8B864144A77}.Release|x64.Build.0 = Release|Any CPU
		{FEC6719A-1BB6-43F9-8253-D8B864144A77}.Release|x86.ActiveCfg = Release|Any CPU
		{FEC6719A-1BB6-43F9-8253-D8B864144A77}.Release|x86.Build.0 = Release|Any CPU
	EndGlobalSection
	GlobalSection(NestedProjects) = preSolution
		{FEC6719A-1BB6-43F9-8253-D8B864144A77} = {5F56075A-FF46-42A2-9C2E-5F5994E353CE}
	EndGlobalSection
EndGlobal
